
Microsoft Visual Studio Solution File, Format Version 12.00
# Visual Studio Version 16
VisualStudioVersion = 16.0.29230.47
MinimumVisualStudioVersion = 10.0.40219.1
Project("{8BC9CEB8-8B4A-11D0-8D11-00A0C91BC942}") = "TaMP_procedur", "TaMP_procedur\TaMP_procedur.vcxproj", "{E0EF009F-5EF2-493A-9286-78C08C210A03}"
EndProject
Project("{8BC9CEB8-8B4A-11D0-8D11-00A0C91BC942}") = "TaMP_Procedure_Tests", "TaMP_Procedure_Tests\TaMP_Procedure_Tests.vcxproj", "{FCE42FD8-01A3-43BD-B658-4D9F1A63B5AA}"
EndProject
Global
	GlobalSection(SolutionConfigurationPlatforms) = preSolution
		Debug|x64 = Debug|x64
		Debug|x86 = Debug|x86
		Release|x64 = Release|x64
		Release|x86 = Release|x86
	EndGlobalSection
	GlobalSection(ProjectConfigurationPlatforms) = postSolution
		{E0EF009F-5EF2-493A-9286-78C08C210A03}.Debug|x64.ActiveCfg = Debug|x64
		{E0EF009F-5EF2-493A-9286-78C08C210A03}.Debug|x64.Build.0 = Debug|x64
		{E0EF009F-5EF2-493A-9286-78C08C210A03}.Debug|x86.ActiveCfg = Debug|Win32
		{E0EF009F-5EF2-493A-9286-78C08C210A03}.Debug|x86.Build.0 = Debug|Win32
		{E0EF009F-5EF2-493A-9286-78C08C210A03}.Release|x64.ActiveCfg = Release|x64
		{E0EF009F-5EF2-493A-9286-78C08C210A03}.Release|x64.Build.0 = Release|x64
		{E0EF009F-5EF2-493A-9286-78C08C210A03}.Release|x86.ActiveCfg = Release|Win32
		{E0EF009F-5EF2-493A-9286-78C08C210A03}.Release|x86.Build.0 = Release|Win32
		{FCE42FD8-01A3-43BD-B658-4D9F1A63B5AA}.Debug|x64.ActiveCfg = Debug|x64
		{FCE42FD8-01A3-43BD-B658-4D9F1A63B5AA}.Debug|x64.Build.0 = Debug|x64
		{FCE42FD8-01A3-43BD-B658-4D9F1A63B5AA}.Debug|x86.ActiveCfg = Debug|Win32
		{FCE42FD8-01A3-43BD-B658-4D9F1A63B5AA}.Debug|x86.Build.0 = Debug|Win32
		{FCE42FD8-01A3-43BD-B658-4D9F1A63B5AA}.Release|x64.ActiveCfg = Release|x64
		{FCE42FD8-01A3-43BD-B658-4D9F1A63B5AA}.Release|x64.Build.0 = Release|x64
		{FCE42FD8-01A3-43BD-B658-4D9F1A63B5AA}.Release|x86.ActiveCfg = Release|Win32
		{FCE42FD8-01A3-43BD-B658-4D9F1A63B5AA}.Release|x86.Build.0 = Release|Win32
	EndGlobalSection
	GlobalSection(SolutionProperties) = preSolution
		HideSolutionNode = FALSE
	EndGlobalSection
	GlobalSection(ExtensibilityGlobals) = postSolution
		SolutionGuid = {0ED1DE61-82AE-44AA-BCD5-2AEC4F513976}
	EndGlobalSection
EndGlobal
